// !$*UTF8*$!
{
	archiveVersion = 1;
	classes = {
	};
	objectVersion = 48;
	objects = {

/* Begin PBXBuildFile section */
		0F671198203CD54F00E9DD0B /* sasl_test.m in Sources */ = {isa = PBXBuildFile; fileRef = 0F671197203CD54F00E9DD0B /* sasl_test.m */; };
		0F7E6555201A4BFF001A6B3C /* zone.c in Sources */ = {isa = PBXBuildFile; fileRef = 0F7E6541201A4BFD001A6B3C /* zone.c */; };
		0F7E6557201A4BFF001A6B3C /* common.c in Sources */ = {isa = PBXBuildFile; fileRef = 0F7E6544201A4BFD001A6B3C /* common.c */; };
		0F7E6558201A4BFF001A6B3C /* reduce.c in Sources */ = {isa = PBXBuildFile; fileRef = 0F7E6545201A4BFE001A6B3C /* reduce.c */; };
		0F7E6559201A4BFF001A6B3C /* abstract.c in Sources */ = {isa = PBXBuildFile; fileRef = 0F7E6546201A4BFE001A6B3C /* abstract.c */; };
		0F7E655B201A4BFF001A6B3C /* sasl.c in Sources */ = {isa = PBXBuildFile; fileRef = 0F7E654C201A4BFE001A6B3C /* sasl.c */; };
		0F7E655C201A4BFF001A6B3C /* make.c in Sources */ = {isa = PBXBuildFile; fileRef = 0F7E6550201A4BFF001A6B3C /* make.c */; };
		0F7E655D201A4BFF001A6B3C /* parse.c in Sources */ = {isa = PBXBuildFile; fileRef = 0F7E6553201A4BFF001A6B3C /* parse.c */; };
		0F7E655E201A4BFF001A6B3C /* store.c in Sources */ = {isa = PBXBuildFile; fileRef = 0F7E6554201A4BFF001A6B3C /* store.c */; };
		0F7E6560201A4C8F001A6B3C /* lex.l in Sources */ = {isa = PBXBuildFile; fileRef = 0F7E655F201A4C8F001A6B3C /* lex.l */; };
/* End PBXBuildFile section */

/* Begin PBXCopyFilesBuildPhase section */
		0F7E6535201A31AD001A6B3C /* CopyFiles */ = {
			isa = PBXCopyFilesBuildPhase;
			buildActionMask = 2147483647;
			dstPath = /usr/share/man/man1/;
			dstSubfolderSpec = 0;
			files = (
			);
			runOnlyForDeploymentPostprocessing = 1;
		};
/* End PBXCopyFilesBuildPhase section */

/* Begin PBXFileReference section */
		0F671195203CD54F00E9DD0B /* sasl-test.xctest */ = {isa = PBXFileReference; explicitFileType = wrapper.cfbundle; includeInIndex = 0; path = "sasl-test.xctest"; sourceTree = BUILT_PRODUCTS_DIR; };
		0F671197203CD54F00E9DD0B /* sasl_test.m */ = {isa = PBXFileReference; lastKnownFileType = sourcecode.c.objc; path = sasl_test.m; sourceTree = "<group>"; };
		0F671199203CD54F00E9DD0B /* Info.plist */ = {isa = PBXFileReference; lastKnownFileType = text.plist.xml; path = Info.plist; sourceTree = "<group>"; };
		0F7E6537201A31AD001A6B3C /* sasl */ = {isa = PBXFileReference; explicitFileType = "compiled.mach-o.executable"; includeInIndex = 0; path = sasl; sourceTree = BUILT_PRODUCTS_DIR; };
		0F7E6541201A4BFD001A6B3C /* zone.c */ = {isa = PBXFileReference; fileEncoding = 4; indentWidth = 2; lastKnownFileType = sourcecode.c.c; path = zone.c; sourceTree = "<group>"; };
		0F7E6543201A4BFD001A6B3C /* make.h */ = {isa = PBXFileReference; fileEncoding = 4; lastKnownFileType = sourcecode.c.h; path = make.h; sourceTree = "<group>"; };
		0F7E6544201A4BFD001A6B3C /* common.c */ = {isa = PBXFileReference; fileEncoding = 4; indentWidth = 2; lastKnownFileType = sourcecode.c.c; path = common.c; sourceTree = "<group>"; };
		0F7E6545201A4BFE001A6B3C /* reduce.c */ = {isa = PBXFileReference; fileEncoding = 4; lastKnownFileType = sourcecode.c.c; path = reduce.c; sourceTree = "<group>"; };
		0F7E6546201A4BFE001A6B3C /* abstract.c */ = {isa = PBXFileReference; fileEncoding = 4; indentWidth = 2; lastKnownFileType = sourcecode.c.c; path = abstract.c; sourceTree = "<group>"; };
		0F7E6547201A4BFE001A6B3C /* common.h */ = {isa = PBXFileReference; fileEncoding = 4; indentWidth = 2; lastKnownFileType = sourcecode.c.h; path = common.h; sourceTree = "<group>"; };
		0F7E6548201A4BFE001A6B3C /* lex.h */ = {isa = PBXFileReference; fileEncoding = 4; indentWidth = 2; lastKnownFileType = sourcecode.c.h; path = lex.h; sourceTree = "<group>"; };
		0F7E654A201A4BFE001A6B3C /* store.h */ = {isa = PBXFileReference; fileEncoding = 4; lastKnownFileType = sourcecode.c.h; path = store.h; sourceTree = "<group>"; };
		0F7E654B201A4BFE001A6B3C /* zone.h */ = {isa = PBXFileReference; fileEncoding = 4; lastKnownFileType = sourcecode.c.h; path = zone.h; sourceTree = "<group>"; };
		0F7E654C201A4BFE001A6B3C /* sasl.c */ = {isa = PBXFileReference; fileEncoding = 4; indentWidth = 2; lastKnownFileType = sourcecode.c.c; path = sasl.c; sourceTree = "<group>"; };
		0F7E654D201A4BFE001A6B3C /* abstract.h */ = {isa = PBXFileReference; fileEncoding = 4; lastKnownFileType = sourcecode.c.h; path = abstract.h; sourceTree = "<group>"; };
		0F7E654E201A4BFE001A6B3C /* sasl.h */ = {isa = PBXFileReference; fileEncoding = 4; lastKnownFileType = sourcecode.c.h; path = sasl.h; sourceTree = "<group>"; };
		0F7E6550201A4BFF001A6B3C /* make.c */ = {isa = PBXFileReference; fileEncoding = 4; indentWidth = 2; lastKnownFileType = sourcecode.c.c; path = make.c; sourceTree = "<group>"; };
		0F7E6551201A4BFF001A6B3C /* parse.h */ = {isa = PBXFileReference; fileEncoding = 4; lastKnownFileType = sourcecode.c.h; path = parse.h; sourceTree = "<group>"; };
		0F7E6552201A4BFF001A6B3C /* reduce.h */ = {isa = PBXFileReference; fileEncoding = 4; lastKnownFileType = sourcecode.c.h; path = reduce.h; sourceTree = "<group>"; };
		0F7E6553201A4BFF001A6B3C /* parse.c */ = {isa = PBXFileReference; fileEncoding = 4; indentWidth = 2; lastKnownFileType = sourcecode.c.c; path = parse.c; sourceTree = "<group>"; };
		0F7E6554201A4BFF001A6B3C /* store.c */ = {isa = PBXFileReference; fileEncoding = 4; indentWidth = 2; lastKnownFileType = sourcecode.c.c; path = store.c; sourceTree = "<group>"; };
		0F7E655F201A4C8F001A6B3C /* lex.l */ = {isa = PBXFileReference; indentWidth = 2; lastKnownFileType = sourcecode.lex; name = lex.l; path = /Users/dad/Dropbox/Dev/xcode/sasl/sasl/lex.l; sourceTree = "<absolute>"; };
		0F7E6561201B75DD001A6B3C /* ToDo.txt */ = {isa = PBXFileReference; fileEncoding = 4; lastKnownFileType = text; path = ToDo.txt; sourceTree = "<group>"; };
/* End PBXFileReference section */

/* Begin PBXFrameworksBuildPhase section */
		0F671192203CD54F00E9DD0B /* Frameworks */ = {
			isa = PBXFrameworksBuildPhase;
			buildActionMask = 2147483647;
			files = (
			);
			runOnlyForDeploymentPostprocessing = 0;
		};
		0F7E6534201A31AD001A6B3C /* Frameworks */ = {
			isa = PBXFrameworksBuildPhase;
			buildActionMask = 2147483647;
			files = (
			);
			runOnlyForDeploymentPostprocessing = 0;
		};
/* End PBXFrameworksBuildPhase section */

/* Begin PBXGroup section */
		0F671196203CD54F00E9DD0B /* sasl-test */ = {
			isa = PBXGroup;
			children = (
				0F671197203CD54F00E9DD0B /* sasl_test.m */,
				0F671199203CD54F00E9DD0B /* Info.plist */,
			);
			path = "sasl-test";
			sourceTree = "<group>";
		};
		0F7E652E201A31AD001A6B3C = {
			isa = PBXGroup;
			children = (
				0F7E6539201A31AD001A6B3C /* sasl */,
				0F671196203CD54F00E9DD0B /* sasl-test */,
				0F7E6538201A31AD001A6B3C /* Products */,
			);
			sourceTree = "<group>";
		};
		0F7E6538201A31AD001A6B3C /* Products */ = {
			isa = PBXGroup;
			children = (
				0F7E6537201A31AD001A6B3C /* sasl */,
				0F671195203CD54F00E9DD0B /* sasl-test.xctest */,
			);
			name = Products;
			sourceTree = "<group>";
		};
		0F7E6539201A31AD001A6B3C /* sasl */ = {
			isa = PBXGroup;
			children = (
				0F7E6546201A4BFE001A6B3C /* abstract.c */,
				0F7E654D201A4BFE001A6B3C /* abstract.h */,
				0F7E6544201A4BFD001A6B3C /* common.c */,
				0F7E6547201A4BFE001A6B3C /* common.h */,
				0F7E6548201A4BFE001A6B3C /* lex.h */,
				0F7E655F201A4C8F001A6B3C /* lex.l */,
				0F7E6550201A4BFF001A6B3C /* make.c */,
				0F7E6543201A4BFD001A6B3C /* make.h */,
				0F7E6553201A4BFF001A6B3C /* parse.c */,
				0F7E6551201A4BFF001A6B3C /* parse.h */,
				0F7E6545201A4BFE001A6B3C /* reduce.c */,
				0F7E6552201A4BFF001A6B3C /* reduce.h */,
				0F7E654C201A4BFE001A6B3C /* sasl.c */,
				0F7E654E201A4BFE001A6B3C /* sasl.h */,
				0F7E6554201A4BFF001A6B3C /* store.c */,
				0F7E654A201A4BFE001A6B3C /* store.h */,
				0F7E6561201B75DD001A6B3C /* ToDo.txt */,
				0F7E6541201A4BFD001A6B3C /* zone.c */,
				0F7E654B201A4BFE001A6B3C /* zone.h */,
			);
			path = sasl;
			sourceTree = "<group>";
		};
/* End PBXGroup section */

/* Begin PBXNativeTarget section */
		0F671194203CD54F00E9DD0B /* sasl-test */ = {
			isa = PBXNativeTarget;
			buildConfigurationList = 0F67119C203CD54F00E9DD0B /* Build configuration list for PBXNativeTarget "sasl-test" */;
			buildPhases = (
				0F671191203CD54F00E9DD0B /* Sources */,
				0F671192203CD54F00E9DD0B /* Frameworks */,
				0F671193203CD54F00E9DD0B /* Resources */,
			);
			buildRules = (
			);
			dependencies = (
			);
			name = "sasl-test";
			productName = "sasl-test";
			productReference = 0F671195203CD54F00E9DD0B /* sasl-test.xctest */;
			productType = "com.apple.product-type.bundle.unit-test";
		};
		0F7E6536201A31AD001A6B3C /* sasl */ = {
			isa = PBXNativeTarget;
			buildConfigurationList = 0F7E653E201A31AD001A6B3C /* Build configuration list for PBXNativeTarget "sasl" */;
			buildPhases = (
				0F7E6533201A31AD001A6B3C /* Sources */,
				0F7E6534201A31AD001A6B3C /* Frameworks */,
				0F7E6535201A31AD001A6B3C /* CopyFiles */,
			);
			buildRules = (
			);
			dependencies = (
			);
			name = sasl;
			productName = sasl;
			productReference = 0F7E6537201A31AD001A6B3C /* sasl */;
			productType = "com.apple.product-type.tool";
		};
/* End PBXNativeTarget section */

/* Begin PBXProject section */
		0F7E652F201A31AD001A6B3C /* Project object */ = {
			isa = PBXProject;
			attributes = {
				LastUpgradeCheck = 0920;
				ORGANIZATIONNAME = "David Brownbridge";
				TargetAttributes = {
					0F671194203CD54F00E9DD0B = {
						CreatedOnToolsVersion = 9.2;
						ProvisioningStyle = Automatic;
					};
					0F7E6536201A31AD001A6B3C = {
						CreatedOnToolsVersion = 9.2;
						ProvisioningStyle = Automatic;
					};
				};
			};
			buildConfigurationList = 0F7E6532201A31AD001A6B3C /* Build configuration list for PBXProject "sasl" */;
			compatibilityVersion = "Xcode 8.0";
			developmentRegion = en;
			hasScannedForEncodings = 0;
			knownRegions = (
				en,
			);
			mainGroup = 0F7E652E201A31AD001A6B3C;
			productRefGroup = 0F7E6538201A31AD001A6B3C /* Products */;
			projectDirPath = "";
			projectRoot = "";
			targets = (
				0F7E6536201A31AD001A6B3C /* sasl */,
				0F671194203CD54F00E9DD0B /* sasl-test */,
			);
		};
/* End PBXProject section */

/* Begin PBXResourcesBuildPhase section */
		0F671193203CD54F00E9DD0B /* Resources */ = {
			isa = PBXResourcesBuildPhase;
			buildActionMask = 2147483647;
			files = (
			);
			runOnlyForDeploymentPostprocessing = 0;
		};
/* End PBXResourcesBuildPhase section */

/* Begin PBXSourcesBuildPhase section */
		0F671191203CD54F00E9DD0B /* Sources */ = {
			isa = PBXSourcesBuildPhase;
			buildActionMask = 2147483647;
			files = (
				0F671198203CD54F00E9DD0B /* sasl_test.m in Sources */,
			);
			runOnlyForDeploymentPostprocessing = 0;
		};
		0F7E6533201A31AD001A6B3C /* Sources */ = {
			isa = PBXSourcesBuildPhase;
			buildActionMask = 2147483647;
			files = (
				0F7E6560201A4C8F001A6B3C /* lex.l in Sources */,
				0F7E655C201A4BFF001A6B3C /* make.c in Sources */,
				0F7E6559201A4BFF001A6B3C /* abstract.c in Sources */,
				0F7E655B201A4BFF001A6B3C /* sasl.c in Sources */,
				0F7E6558201A4BFF001A6B3C /* reduce.c in Sources */,
				0F7E655E201A4BFF001A6B3C /* store.c in Sources */,
				0F7E6557201A4BFF001A6B3C /* common.c in Sources */,
				0F7E6555201A4BFF001A6B3C /* zone.c in Sources */,
				0F7E655D201A4BFF001A6B3C /* parse.c in Sources */,
			);
			runOnlyForDeploymentPostprocessing = 0;
		};
/* End PBXSourcesBuildPhase section */

/* Begin XCBuildConfiguration section */
		0F67119A203CD54F00E9DD0B /* Debug */ = {
			isa = XCBuildConfiguration;
			buildSettings = {
				CODE_SIGN_STYLE = Automatic;
				COMBINE_HIDPI_IMAGES = YES;
				INFOPLIST_FILE = "sasl-test/Info.plist";
				LD_RUNPATH_SEARCH_PATHS = "$(inherited) @executable_path/../Frameworks @loader_path/../Frameworks";
				PRODUCT_BUNDLE_IDENTIFIER = "optimumintegration.sasl-test";
				PRODUCT_NAME = "$(TARGET_NAME)";
			};
			name = Debug;
		};
		0F67119B203CD54F00E9DD0B /* Release */ = {
			isa = XCBuildConfiguration;
			buildSettings = {
				CODE_SIGN_STYLE = Automatic;
				COMBINE_HIDPI_IMAGES = YES;
				INFOPLIST_FILE = "sasl-test/Info.plist";
				LD_RUNPATH_SEARCH_PATHS = "$(inherited) @executable_path/../Frameworks @loader_path/../Frameworks";
				PRODUCT_BUNDLE_IDENTIFIER = "optimumintegration.sasl-test";
				PRODUCT_NAME = "$(TARGET_NAME)";
			};
			name = Release;
		};
		0F7E653C201A31AD001A6B3C /* Debug */ = {
			isa = XCBuildConfiguration;
			buildSettings = {
				ALWAYS_SEARCH_USER_PATHS = NO;
				CLANG_ANALYZER_NONNULL = YES;
				CLANG_ANALYZER_NUMBER_OBJECT_CONVERSION = YES_AGGRESSIVE;
				CLANG_CXX_LANGUAGE_STANDARD = "gnu++14";
				CLANG_CXX_LIBRARY = "libc++";
				CLANG_ENABLE_MODULES = YES;
				CLANG_ENABLE_OBJC_ARC = YES;
				CLANG_WARN_BLOCK_CAPTURE_AUTORELEASING = YES;
				CLANG_WARN_BOOL_CONVERSION = YES;
				CLANG_WARN_COMMA = YES;
				CLANG_WARN_CONSTANT_CONVERSION = YES;
				CLANG_WARN_DIRECT_OBJC_ISA_USAGE = YES_ERROR;
				CLANG_WARN_DOCUMENTATION_COMMENTS = YES;
				CLANG_WARN_EMPTY_BODY = YES;
				CLANG_WARN_ENUM_CONVERSION = YES;
				CLANG_WARN_INFINITE_RECURSION = YES;
				CLANG_WARN_INT_CONVERSION = YES;
				CLANG_WARN_NON_LITERAL_NULL_CONVERSION = YES;
				CLANG_WARN_OBJC_LITERAL_CONVERSION = YES;
				CLANG_WARN_OBJC_ROOT_CLASS = YES_ERROR;
				CLANG_WARN_RANGE_LOOP_ANALYSIS = YES;
				CLANG_WARN_STRICT_PROTOTYPES = YES;
				CLANG_WARN_SUSPICIOUS_MOVE = YES;
				CLANG_WARN_UNGUARDED_AVAILABILITY = YES_AGGRESSIVE;
				CLANG_WARN_UNREACHABLE_CODE = YES;
				CLANG_WARN__DUPLICATE_METHOD_MATCH = YES;
				CODE_SIGN_IDENTITY = "-";
				COPY_PHASE_STRIP = NO;
				DEBUG_INFORMATION_FORMAT = dwarf;
				ENABLE_STRICT_OBJC_MSGSEND = YES;
				ENABLE_TESTABILITY = YES;
				GCC_C_LANGUAGE_STANDARD = gnu11;
				GCC_DYNAMIC_NO_PIC = NO;
				GCC_NO_COMMON_BLOCKS = YES;
				GCC_OPTIMIZATION_LEVEL = 0;
				GCC_PREPROCESSOR_DEFINITIONS = (
					"DEBUG=1",
					"$(inherited)",
				);
				GCC_WARN_64_TO_32_BIT_CONVERSION = YES;
				GCC_WARN_ABOUT_RETURN_TYPE = YES_ERROR;
				GCC_WARN_UNDECLARED_SELECTOR = YES;
				GCC_WARN_UNINITIALIZED_AUTOS = YES_AGGRESSIVE;
				GCC_WARN_UNUSED_FUNCTION = YES;
				GCC_WARN_UNUSED_VARIABLE = YES;
				MACOSX_DEPLOYMENT_TARGET = 10.13;
				MTL_ENABLE_DEBUG_INFO = YES;
				ONLY_ACTIVE_ARCH = YES;
				SDKROOT = macosx;
			};
			name = Debug;
		};
		0F7E653D201A31AD001A6B3C /* Release */ = {
			isa = XCBuildConfiguration;
			buildSettings = {
				ALWAYS_SEARCH_USER_PATHS = NO;
				CLANG_ANALYZER_NONNULL = YES;
				CLANG_ANALYZER_NUMBER_OBJECT_CONVERSION = YES_AGGRESSIVE;
				CLANG_CXX_LANGUAGE_STANDARD = "gnu++14";
				CLANG_CXX_LIBRARY = "libc++";
				CLANG_ENABLE_MODULES = YES;
				CLANG_ENABLE_OBJC_ARC = YES;
				CLANG_WARN_BLOCK_CAPTURE_AUTORELEASING = YES;
				CLANG_WARN_BOOL_CONVERSION = YES;
				CLANG_WARN_COMMA = YES;
				CLANG_WARN_CONSTANT_CONVERSION = YES;
				CLANG_WARN_DIRECT_OBJC_ISA_USAGE = YES_ERROR;
				CLANG_WARN_DOCUMENTATION_COMMENTS = YES;
				CLANG_WARN_EMPTY_BODY = YES;
				CLANG_WARN_ENUM_CONVERSION = YES;
				CLANG_WARN_INFINITE_RECURSION = YES;
				CLANG_WARN_INT_CONVERSION = YES;
				CLANG_WARN_NON_LITERAL_NULL_CONVERSION = YES;
				CLANG_WARN_OBJC_LITERAL_CONVERSION = YES;
				CLANG_WARN_OBJC_ROOT_CLASS = YES_ERROR;
				CLANG_WARN_RANGE_LOOP_ANALYSIS = YES;
				CLANG_WARN_STRICT_PROTOTYPES = YES;
				CLANG_WARN_SUSPICIOUS_MOVE = YES;
				CLANG_WARN_UNGUARDED_AVAILABILITY = YES_AGGRESSIVE;
				CLANG_WARN_UNREACHABLE_CODE = YES;
				CLANG_WARN__DUPLICATE_METHOD_MATCH = YES;
				CODE_SIGN_IDENTITY = "-";
				COPY_PHASE_STRIP = NO;
				DEBUG_INFORMATION_FORMAT = "dwarf-with-dsym";
				ENABLE_NS_ASSERTIONS = NO;
				ENABLE_STRICT_OBJC_MSGSEND = YES;
				GCC_C_LANGUAGE_STANDARD = gnu11;
				GCC_NO_COMMON_BLOCKS = YES;
				GCC_WARN_64_TO_32_BIT_CONVERSION = YES;
				GCC_WARN_ABOUT_RETURN_TYPE = YES_ERROR;
				GCC_WARN_UNDECLARED_SELECTOR = YES;
				GCC_WARN_UNINITIALIZED_AUTOS = YES_AGGRESSIVE;
				GCC_WARN_UNUSED_FUNCTION = YES;
				GCC_WARN_UNUSED_VARIABLE = YES;
				MACOSX_DEPLOYMENT_TARGET = 10.13;
				MTL_ENABLE_DEBUG_INFO = NO;
				SDKROOT = macosx;
			};
			name = Release;
		};
		0F7E653F201A31AD001A6B3C /* Debug */ = {
			isa = XCBuildConfiguration;
			buildSettings = {
				CODE_SIGN_STYLE = Automatic;
				"OTHER_LDFLAGS[arch=*]" = (
					"-Wl,-stack_size",
					"-Wl,0x1000000",
				);
				PRODUCT_NAME = "$(TARGET_NAME)";
			};
			name = Debug;
		};
		0F7E6540201A31AD001A6B3C /* Release */ = {
			isa = XCBuildConfiguration;
			buildSettings = {
				CODE_SIGN_STYLE = Automatic;
				PRODUCT_NAME = "$(TARGET_NAME)";
			};
			name = Release;
		};
/* End XCBuildConfiguration section */

/* Begin XCConfigurationList section */
		0F67119C203CD54F00E9DD0B /* Build configuration list for PBXNativeTarget "sasl-test" */ = {
			isa = XCConfigurationList;
			buildConfigurations = (
				0F67119A203CD54F00E9DD0B /* Debug */,
				0F67119B203CD54F00E9DD0B /* Release */,
			);
			defaultConfigurationIsVisible = 0;
			defaultConfigurationName = Release;
		};
		0F7E6532201A31AD001A6B3C /* Build configuration list for PBXProject "sasl" */ = {
			isa = XCConfigurationList;
			buildConfigurations = (
				0F7E653C201A31AD001A6B3C /* Debug */,
				0F7E653D201A31AD001A6B3C /* Release */,
			);
			defaultConfigurationIsVisible = 0;
			defaultConfigurationName = Release;
		};
		0F7E653E201A31AD001A6B3C /* Build configuration list for PBXNativeTarget "sasl" */ = {
			isa = XCConfigurationList;
			buildConfigurations = (
				0F7E653F201A31AD001A6B3C /* Debug */,
				0F7E6540201A31AD001A6B3C /* Release */,
			);
			defaultConfigurationIsVisible = 0;
			defaultConfigurationName = Release;
		};
/* End XCConfigurationList section */
	};
	rootObject = 0F7E652F201A31AD001A6B3C /* Project object */;
}
